
Microsoft Visual Studio Solution File, Format Version 12.00
# Visual Studio Version 17
VisualStudioVersion = 17.0.31912.275
MinimumVisualStudioVersion = 10.0.40219.1
Project("{FAE04EC0-301F-11D3-BF4B-00C04F79EFBC}") = "Chkdsk", "Chkdsk\Chkdsk.csproj", "{2C963A34-D09E-4FAE-8B3C-34278A254172}"
EndProject
Global
	GlobalSection(SolutionConfigurationPlatforms) = preSolution
		Debug|Any CPU = Debug|Any CPU
		Release|Any CPU = Release|Any CPU
	EndGlobalSection
	GlobalSection(ProjectConfigurationPlatforms) = postSolution
		{2C963A34-D09E-4FAE-8B3C-34278A254172}.Debug|Any CPU.ActiveCfg = Debug|Any CPU
		{2C963A34-D09E-4FAE-8B3C-34278A254172}.Debug|Any CPU.Build.0 = Debug|Any CPU
		{2C963A34-D09E-4FAE-8B3C-34278A254172}.Release|Any CPU.ActiveCfg = Release|Any CPU
		{2C963A34-D09E-4FAE-8B3C-34278A254172}.Release|Any CPU.Build.0 = Release|Any CPU
	EndGlobalSection
	GlobalSection(SolutionProperties) = preSolution
		HideSolutionNode = FALSE
	EndGlobalSection
	GlobalSection(ExtensibilityGlobals) = postSolution
		SolutionGuid = {FF742335-744A-4706-8578-3E6D5BFA63C8}
	EndGlobalSection
EndGlobal
